
Microsoft Visual Studio Solution File, Format Version 12.00
# Visual Studio Version 17
VisualStudioVersion = 17.6.33801.468
MinimumVisualStudioVersion = 10.0.40219.1
Project("{9A19103F-16F7-4668-BE54-9A1E7A4F7556}") = "TweetSend", "TweetSend\TweetSend.csproj", "{0487EC7A-ACB1-41D6-A68D-9C45CF839BC4}"
EndProject
Project("{2150E333-8FDC-42A3-9474-1A3956D46DE8}") = "Solution Items", "Solution Items", "{E4F362BB-8DDC-4A7B-8E61-F944717FE4D2}"
	ProjectSection(SolutionItems) = preProject
		README.md = README.md
	EndProjectSection
EndProject
Global
	GlobalSection(SolutionConfigurationPlatforms) = preSolution
		Debug|Any CPU = Debug|Any CPU
		Release|Any CPU = Release|Any CPU
	EndGlobalSection
	GlobalSection(ProjectConfigurationPlatforms) = postSolution
		{0487EC7A-ACB1-41D6-A68D-9C45CF839BC4}.Debug|Any CPU.ActiveCfg = Debug|Any CPU
		{0487EC7A-ACB1-41D6-A68D-9C45CF839BC4}.Debug|Any CPU.Build.0 = Debug|Any CPU
		{0487EC7A-ACB1-41D6-A68D-9C45CF839BC4}.Release|Any CPU.ActiveCfg = Release|Any CPU
		{0487EC7A-ACB1-41D6-A68D-9C45CF839BC4}.Release|Any CPU.Build.0 = Release|Any CPU
	EndGlobalSection
	GlobalSection(SolutionProperties) = preSolution
		HideSolutionNode = FALSE
	EndGlobalSection
	GlobalSection(ExtensibilityGlobals) = postSolution
		SolutionGuid = {35DFAE6C-A4B1-404B-AA91-28B036D78E56}
	EndGlobalSection
EndGlobal
